
Microsoft Visual Studio Solution File, Format Version 12.00
# Visual Studio Version 17
VisualStudioVersion = 17.11.35327.3
MinimumVisualStudioVersion = 10.0.40219.1
Project("{9A19103F-16F7-4668-BE54-9A1E7A4F7556}") = "Project_Manager", "Project_Manager\Project_Manager.csproj", "{CD4C3D94-BED4-4866-8210-1E4C853CC4EE}"
EndProject
Project("{9A19103F-16F7-4668-BE54-9A1E7A4F7556}") = "MyLogLibrary", "..\..\Users\moroz\source\repos\MyLogLibrary\MyLogLibrary\MyLogLibrary.csproj", "{FC72FBD5-286B-44E3-8BD5-839237647D12}"
EndProject
Global
	GlobalSection(SolutionConfigurationPlatforms) = preSolution
		Debug|Any CPU = Debug|Any CPU
		Release|Any CPU = Release|Any CPU
	EndGlobalSection
	GlobalSection(ProjectConfigurationPlatforms) = postSolution
		{CD4C3D94-BED4-4866-8210-1E4C853CC4EE}.Debug|Any CPU.ActiveCfg = Debug|Any CPU
		{CD4C3D94-BED4-4866-8210-1E4C853CC4EE}.Debug|Any CPU.Build.0 = Debug|Any CPU
		{CD4C3D94-BED4-4866-8210-1E4C853CC4EE}.Release|Any CPU.ActiveCfg = Release|Any CPU
		{CD4C3D94-BED4-4866-8210-1E4C853CC4EE}.Release|Any CPU.Build.0 = Release|Any CPU
		{FC72FBD5-286B-44E3-8BD5-839237647D12}.Debug|Any CPU.ActiveCfg = Debug|Any CPU
		{FC72FBD5-286B-44E3-8BD5-839237647D12}.Debug|Any CPU.Build.0 = Debug|Any CPU
		{FC72FBD5-286B-44E3-8BD5-839237647D12}.Release|Any CPU.ActiveCfg = Release|Any CPU
		{FC72FBD5-286B-44E3-8BD5-839237647D12}.Release|Any CPU.Build.0 = Release|Any CPU
	EndGlobalSection
	GlobalSection(SolutionProperties) = preSolution
		HideSolutionNode = FALSE
	EndGlobalSection
	GlobalSection(ExtensibilityGlobals) = postSolution
		SolutionGuid = {6FA19308-97D1-4F22-B32F-E16D0250795C}
	EndGlobalSection
EndGlobal
